// !$*UTF8*$!
{
	archiveVersion = 1;
	classes = {
	};
	objectVersion = 56;
	objects = {

/* Begin PBXBuildFile section */
		5803760D2914414E006D33C8 /* AppDelegate.swift in Sources */ = {isa = PBXBuildFile; fileRef = 5803760C2914414E006D33C8 /* AppDelegate.swift */; };
		580376132914414E006D33C8 /* GameScene.swift in Sources */ = {isa = PBXBuildFile; fileRef = 580376122914414E006D33C8 /* GameScene.swift */; };
		580376152914414E006D33C8 /* GameViewController.swift in Sources */ = {isa = PBXBuildFile; fileRef = 580376142914414E006D33C8 /* GameViewController.swift */; };
		580376182914414E006D33C8 /* Main.storyboard in Resources */ = {isa = PBXBuildFile; fileRef = 580376162914414E006D33C8 /* Main.storyboard */; };
		5803761A2914414F006D33C8 /* Assets.xcassets in Resources */ = {isa = PBXBuildFile; fileRef = 580376192914414F006D33C8 /* Assets.xcassets */; };
		5803761D2914414F006D33C8 /* LaunchScreen.storyboard in Resources */ = {isa = PBXBuildFile; fileRef = 5803761B2914414F006D33C8 /* LaunchScreen.storyboard */; };
		58037624291563CC006D33C8 /* Player.swift in Sources */ = {isa = PBXBuildFile; fileRef = 58037623291563CC006D33C8 /* Player.swift */; };
		5803762629156502006D33C8 /* SpriteKitHelper.swift in Sources */ = {isa = PBXBuildFile; fileRef = 5803762529156502006D33C8 /* SpriteKitHelper.swift */; };
		5803762829156B60006D33C8 /* Collectible.swift in Sources */ = {isa = PBXBuildFile; fileRef = 5803762729156B60006D33C8 /* Collectible.swift */; };
		5803762A29157CA4006D33C8 /* GameOverScene.swift in Sources */ = {isa = PBXBuildFile; fileRef = 5803762929157CA4006D33C8 /* GameOverScene.swift */; };
		5803762D2915902C006D33C8 /* collectCoin.wav in Resources */ = {isa = PBXBuildFile; fileRef = 5803762C2915902C006D33C8 /* collectCoin.wav */; };
		5803762F291590F2006D33C8 /* gameOver.wav in Resources */ = {isa = PBXBuildFile; fileRef = 5803762E291590F2006D33C8 /* gameOver.wav */; };
/* End PBXBuildFile section */

/* Begin PBXFileReference section */
		580376092914414E006D33C8 /* ShireGame.app */ = {isa = PBXFileReference; explicitFileType = wrapper.application; includeInIndex = 0; path = ShireGame.app; sourceTree = BUILT_PRODUCTS_DIR; };
		5803760C2914414E006D33C8 /* AppDelegate.swift */ = {isa = PBXFileReference; lastKnownFileType = sourcecode.swift; path = AppDelegate.swift; sourceTree = "<group>"; };
		580376122914414E006D33C8 /* GameScene.swift */ = {isa = PBXFileReference; lastKnownFileType = sourcecode.swift; path = GameScene.swift; sourceTree = "<group>"; };
		580376142914414E006D33C8 /* GameViewController.swift */ = {isa = PBXFileReference; lastKnownFileType = sourcecode.swift; path = GameViewController.swift; sourceTree = "<group>"; };
		580376172914414E006D33C8 /* Base */ = {isa = PBXFileReference; lastKnownFileType = file.storyboard; name = Base; path = Base.lproj/Main.storyboard; sourceTree = "<group>"; };
		580376192914414F006D33C8 /* Assets.xcassets */ = {isa = PBXFileReference; lastKnownFileType = folder.assetcatalog; path = Assets.xcassets; sourceTree = "<group>"; };
		5803761C2914414F006D33C8 /* Base */ = {isa = PBXFileReference; lastKnownFileType = file.storyboard; name = Base; path = Base.lproj/LaunchScreen.storyboard; sourceTree = "<group>"; };
		58037623291563CC006D33C8 /* Player.swift */ = {isa = PBXFileReference; lastKnownFileType = sourcecode.swift; path = Player.swift; sourceTree = "<group>"; };
		5803762529156502006D33C8 /* SpriteKitHelper.swift */ = {isa = PBXFileReference; lastKnownFileType = sourcecode.swift; path = SpriteKitHelper.swift; sourceTree = "<group>"; };
		5803762729156B60006D33C8 /* Collectible.swift */ = {isa = PBXFileReference; lastKnownFileType = sourcecode.swift; path = Collectible.swift; sourceTree = "<group>"; };
		5803762929157CA4006D33C8 /* GameOverScene.swift */ = {isa = PBXFileReference; lastKnownFileType = sourcecode.swift; path = GameOverScene.swift; sourceTree = "<group>"; };
		5803762C2915902C006D33C8 /* collectCoin.wav */ = {isa = PBXFileReference; lastKnownFileType = audio.wav; path = collectCoin.wav; sourceTree = "<group>"; };
		5803762E291590F2006D33C8 /* gameOver.wav */ = {isa = PBXFileReference; lastKnownFileType = audio.wav; path = gameOver.wav; sourceTree = "<group>"; };
/* End PBXFileReference section */

/* Begin PBXFrameworksBuildPhase section */
		580376062914414E006D33C8 /* Frameworks */ = {
			isa = PBXFrameworksBuildPhase;
			buildActionMask = 2147483647;
			files = (
			);
			runOnlyForDeploymentPostprocessing = 0;
		};
/* End PBXFrameworksBuildPhase section */

/* Begin PBXGroup section */
		580376002914414E006D33C8 = {
			isa = PBXGroup;
			children = (
				5803760B2914414E006D33C8 /* ShireGame */,
				5803760A2914414E006D33C8 /* Products */,
			);
			sourceTree = "<group>";
		};
		5803760A2914414E006D33C8 /* Products */ = {
			isa = PBXGroup;
			children = (
				580376092914414E006D33C8 /* ShireGame.app */,
			);
			name = Products;
			sourceTree = "<group>";
		};
		5803760B2914414E006D33C8 /* ShireGame */ = {
			isa = PBXGroup;
			children = (
				5803762B29158D62006D33C8 /* Sounds */,
				5803760C2914414E006D33C8 /* AppDelegate.swift */,
				580376122914414E006D33C8 /* GameScene.swift */,
				5803762529156502006D33C8 /* SpriteKitHelper.swift */,
				58037623291563CC006D33C8 /* Player.swift */,
				5803762729156B60006D33C8 /* Collectible.swift */,
				5803762929157CA4006D33C8 /* GameOverScene.swift */,
				580376142914414E006D33C8 /* GameViewController.swift */,
				580376162914414E006D33C8 /* Main.storyboard */,
				580376192914414F006D33C8 /* Assets.xcassets */,
				5803761B2914414F006D33C8 /* LaunchScreen.storyboard */,
			);
			path = ShireGame;
			sourceTree = "<group>";
		};
		5803762B29158D62006D33C8 /* Sounds */ = {
			isa = PBXGroup;
			children = (
				5803762E291590F2006D33C8 /* gameOver.wav */,
				5803762C2915902C006D33C8 /* collectCoin.wav */,
			);
			path = Sounds;
			sourceTree = "<group>";
		};
/* End PBXGroup section */

/* Begin PBXNativeTarget section */
		580376082914414E006D33C8 /* ShireGame */ = {
			isa = PBXNativeTarget;
			buildConfigurationList = 580376202914414F006D33C8 /* Build configuration list for PBXNativeTarget "ShireGame" */;
			buildPhases = (
				580376052914414E006D33C8 /* Sources */,
				580376062914414E006D33C8 /* Frameworks */,
				580376072914414E006D33C8 /* Resources */,
			);
			buildRules = (
			);
			dependencies = (
			);
			name = ShireGame;
			productName = ShireGame;
			productReference = 580376092914414E006D33C8 /* ShireGame.app */;
			productType = "com.apple.product-type.application";
		};
/* End PBXNativeTarget section */

/* Begin PBXProject section */
		580376012914414E006D33C8 /* Project object */ = {
			isa = PBXProject;
			attributes = {
				BuildIndependentTargetsInParallel = 1;
				LastSwiftUpdateCheck = 1400;
				LastUpgradeCheck = 1400;
				TargetAttributes = {
					580376082914414E006D33C8 = {
						CreatedOnToolsVersion = 14.0.1;
					};
				};
			};
			buildConfigurationList = 580376042914414E006D33C8 /* Build configuration list for PBXProject "ShireGame" */;
			compatibilityVersion = "Xcode 14.0";
			developmentRegion = en;
			hasScannedForEncodings = 0;
			knownRegions = (
				en,
				Base,
			);
			mainGroup = 580376002914414E006D33C8;
			productRefGroup = 5803760A2914414E006D33C8 /* Products */;
			projectDirPath = "";
			projectRoot = "";
			targets = (
				580376082914414E006D33C8 /* ShireGame */,
			);
		};
/* End PBXProject section */

/* Begin PBXResourcesBuildPhase section */
		580376072914414E006D33C8 /* Resources */ = {
			isa = PBXResourcesBuildPhase;
			buildActionMask = 2147483647;
			files = (
				580376182914414E006D33C8 /* Main.storyboard in Resources */,
				5803761A2914414F006D33C8 /* Assets.xcassets in Resources */,
				5803762D2915902C006D33C8 /* collectCoin.wav in Resources */,
				5803761D2914414F006D33C8 /* LaunchScreen.storyboard in Resources */,
				5803762F291590F2006D33C8 /* gameOver.wav in Resources */,
			);
			runOnlyForDeploymentPostprocessing = 0;
		};
/* End PBXResourcesBuildPhase section */

/* Begin PBXSourcesBuildPhase section */
		580376052914414E006D33C8 /* Sources */ = {
			isa = PBXSourcesBuildPhase;
			buildActionMask = 2147483647;
			files = (
				58037624291563CC006D33C8 /* Player.swift in Sources */,
				580376132914414E006D33C8 /* GameScene.swift in Sources */,
				5803762A29157CA4006D33C8 /* GameOverScene.swift in Sources */,
				5803762829156B60006D33C8 /* Collectible.swift in Sources */,
				580376152914414E006D33C8 /* GameViewController.swift in Sources */,
				5803762629156502006D33C8 /* SpriteKitHelper.swift in Sources */,
				5803760D2914414E006D33C8 /* AppDelegate.swift in Sources */,
			);
			runOnlyForDeploymentPostprocessing = 0;
		};
/* End PBXSourcesBuildPhase section */

/* Begin PBXVariantGroup section */
		580376162914414E006D33C8 /* Main.storyboard */ = {
			isa = PBXVariantGroup;
			children = (
				580376172914414E006D33C8 /* Base */,
			);
			name = Main.storyboard;
			sourceTree = "<group>";
		};
		5803761B2914414F006D33C8 /* LaunchScreen.storyboard */ = {
			isa = PBXVariantGroup;
			children = (
				5803761C2914414F006D33C8 /* Base */,
			);
			name = LaunchScreen.storyboard;
			sourceTree = "<group>";
		};
/* End PBXVariantGroup section */

/* Begin XCBuildConfiguration section */
		5803761E2914414F006D33C8 /* Debug */ = {
			isa = XCBuildConfiguration;
			buildSettings = {
				ALWAYS_SEARCH_USER_PATHS = NO;
				CLANG_ANALYZER_NONNULL = YES;
				CLANG_ANALYZER_NUMBER_OBJECT_CONVERSION = YES_AGGRESSIVE;
				CLANG_CXX_LANGUAGE_STANDARD = "gnu++20";
				CLANG_ENABLE_MODULES = YES;
				CLANG_ENABLE_OBJC_ARC = YES;
				CLANG_ENABLE_OBJC_WEAK = YES;
				CLANG_WARN_BLOCK_CAPTURE_AUTORELEASING = YES;
				CLANG_WARN_BOOL_CONVERSION = YES;
				CLANG_WARN_COMMA = YES;
				CLANG_WARN_CONSTANT_CONVERSION = YES;
				CLANG_WARN_DEPRECATED_OBJC_IMPLEMENTATIONS = YES;
				CLANG_WARN_DIRECT_OBJC_ISA_USAGE = YES_ERROR;
				CLANG_WARN_DOCUMENTATION_COMMENTS = YES;
				CLANG_WARN_EMPTY_BODY = YES;
				CLANG_WARN_ENUM_CONVERSION = YES;
				CLANG_WARN_INFINITE_RECURSION = YES;
				CLANG_WARN_INT_CONVERSION = YES;
				CLANG_WARN_NON_LITERAL_NULL_CONVERSION = YES;
				CLANG_WARN_OBJC_IMPLICIT_RETAIN_SELF = YES;
				CLANG_WARN_OBJC_LITERAL_CONVERSION = YES;
				CLANG_WARN_OBJC_ROOT_CLASS = YES_ERROR;
				CLANG_WARN_QUOTED_INCLUDE_IN_FRAMEWORK_HEADER = YES;
				CLANG_WARN_RANGE_LOOP_ANALYSIS = YES;
				CLANG_WARN_STRICT_PROTOTYPES = YES;
				CLANG_WARN_SUSPICIOUS_MOVE = YES;
				CLANG_WARN_UNGUARDED_AVAILABILITY = YES_AGGRESSIVE;
				CLANG_WARN_UNREACHABLE_CODE = YES;
				CLANG_WARN__DUPLICATE_METHOD_MATCH = YES;
				COPY_PHASE_STRIP = NO;
				DEBUG_INFORMATION_FORMAT = dwarf;
				ENABLE_STRICT_OBJC_MSGSEND = YES;
				ENABLE_TESTABILITY = YES;
				GCC_C_LANGUAGE_STANDARD = gnu11;
				GCC_DYNAMIC_NO_PIC = NO;
				GCC_NO_COMMON_BLOCKS = YES;
				GCC_OPTIMIZATION_LEVEL = 0;
				GCC_PREPROCESSOR_DEFINITIONS = (
					"DEBUG=1",
					"$(inherited)",
				);
				GCC_WARN_64_TO_32_BIT_CONVERSION = YES;
				GCC_WARN_ABOUT_RETURN_TYPE = YES_ERROR;
				GCC_WARN_UNDECLARED_SELECTOR = YES;
				GCC_WARN_UNINITIALIZED_AUTOS = YES_AGGRESSIVE;
				GCC_WARN_UNUSED_FUNCTION = YES;
				GCC_WARN_UNUSED_VARIABLE = YES;
				IPHONEOS_DEPLOYMENT_TARGET = 16.0;
				MTL_ENABLE_DEBUG_INFO = INCLUDE_SOURCE;
				MTL_FAST_MATH = YES;
				ONLY_ACTIVE_ARCH = YES;
				SDKROOT = iphoneos;
				SWIFT_ACTIVE_COMPILATION_CONDITIONS = DEBUG;
				SWIFT_OPTIMIZATION_LEVEL = "-Onone";
			};
			name = Debug;
		};
		5803761F2914414F006D33C8 /* Release */ = {
			isa = XCBuildConfiguration;
			buildSettings = {
				ALWAYS_SEARCH_USER_PATHS = NO;
				CLANG_ANALYZER_NONNULL = YES;
				CLANG_ANALYZER_NUMBER_OBJECT_CONVERSION = YES_AGGRESSIVE;
				CLANG_CXX_LANGUAGE_STANDARD = "gnu++20";
				CLANG_ENABLE_MODULES = YES;
				CLANG_ENABLE_OBJC_ARC = YES;
				CLANG_ENABLE_OBJC_WEAK = YES;
				CLANG_WARN_BLOCK_CAPTURE_AUTORELEASING = YES;
				CLANG_WARN_BOOL_CONVERSION = YES;
				CLANG_WARN_COMMA = YES;
				CLANG_WARN_CONSTANT_CONVERSION = YES;
				CLANG_WARN_DEPRECATED_OBJC_IMPLEMENTATIONS = YES;
				CLANG_WARN_DIRECT_OBJC_ISA_USAGE = YES_ERROR;
				CLANG_WARN_DOCUMENTATION_COMMENTS = YES;
				CLANG_WARN_EMPTY_BODY = YES;
				CLANG_WARN_ENUM_CONVERSION = YES;
				CLANG_WARN_INFINITE_RECURSION = YES;
				CLANG_WARN_INT_CONVERSION = YES;
				CLANG_WARN_NON_LITERAL_NULL_CONVERSION = YES;
				CLANG_WARN_OBJC_IMPLICIT_RETAIN_SELF = YES;
				CLANG_WARN_OBJC_LITERAL_CONVERSION = YES;
				CLANG_WARN_OBJC_ROOT_CLASS = YES_ERROR;
				CLANG_WARN_QUOTED_INCLUDE_IN_FRAMEWORK_HEADER = YES;
				CLANG_WARN_RANGE_LOOP_ANALYSIS = YES;
				CLANG_WARN_STRICT_PROTOTYPES = YES;
				CLANG_WARN_SUSPICIOUS_MOVE = YES;
				CLANG_WARN_UNGUARDED_AVAILABILITY = YES_AGGRESSIVE;
				CLANG_WARN_UNREACHABLE_CODE = YES;
				CLANG_WARN__DUPLICATE_METHOD_MATCH = YES;
				COPY_PHASE_STRIP = NO;
				DEBUG_INFORMATION_FORMAT = "dwarf-with-dsym";
				ENABLE_NS_ASSERTIONS = NO;
				ENABLE_STRICT_OBJC_MSGSEND = YES;
				GCC_C_LANGUAGE_STANDARD = gnu11;
				GCC_NO_COMMON_BLOCKS = YES;
				GCC_WARN_64_TO_32_BIT_CONVERSION = YES;
				GCC_WARN_ABOUT_RETURN_TYPE = YES_ERROR;
				GCC_WARN_UNDECLARED_SELECTOR = YES;
				GCC_WARN_UNINITIALIZED_AUTOS = YES_AGGRESSIVE;
				GCC_WARN_UNUSED_FUNCTION = YES;
				GCC_WARN_UNUSED_VARIABLE = YES;
				IPHONEOS_DEPLOYMENT_TARGET = 16.0;
				MTL_ENABLE_DEBUG_INFO = NO;
				MTL_FAST_MATH = YES;
				SDKROOT = iphoneos;
				SWIFT_COMPILATION_MODE = wholemodule;
				SWIFT_OPTIMIZATION_LEVEL = "-O";
				VALIDATE_PRODUCT = YES;
			};
			name = Release;
		};
		580376212914414F006D33C8 /* Debug */ = {
			isa = XCBuildConfiguration;
			buildSettings = {
				ASSETCATALOG_COMPILER_APPICON_NAME = AppIcon;
				ASSETCATALOG_COMPILER_GLOBAL_ACCENT_COLOR_NAME = AccentColor;
				CODE_SIGN_STYLE = Automatic;
				CURRENT_PROJECT_VERSION = 1;
				DEVELOPMENT_TEAM = J7Y86NSLYU;
				GENERATE_INFOPLIST_FILE = YES;
				INFOPLIST_KEY_UIApplicationSupportsIndirectInputEvents = YES;
				INFOPLIST_KEY_UILaunchStoryboardName = LaunchScreen;
				INFOPLIST_KEY_UIMainStoryboardFile = Main;
				INFOPLIST_KEY_UIRequiresFullScreen = YES;
				INFOPLIST_KEY_UIStatusBarHidden = YES;
				INFOPLIST_KEY_UISupportedInterfaceOrientations = "UIInterfaceOrientationLandscapeLeft UIInterfaceOrientationLandscapeRight";
				LD_RUNPATH_SEARCH_PATHS = (
					"$(inherited)",
					"@executable_path/Frameworks",
				);
				MARKETING_VERSION = 1.0;
				PRODUCT_BUNDLE_IDENTIFIER = Mariele.ShireGame;
				PRODUCT_NAME = "$(TARGET_NAME)";
				SWIFT_EMIT_LOC_STRINGS = YES;
				SWIFT_VERSION = 5.0;
				TARGETED_DEVICE_FAMILY = "1,2";
			};
			name = Debug;
		};
		580376222914414F006D33C8 /* Release */ = {
			isa = XCBuildConfiguration;
			buildSettings = {
				ASSETCATALOG_COMPILER_APPICON_NAME = AppIcon;
				ASSETCATALOG_COMPILER_GLOBAL_ACCENT_COLOR_NAME = AccentColor;
				CODE_SIGN_STYLE = Automatic;
				CURRENT_PROJECT_VERSION = 1;
				DEVELOPMENT_TEAM = J7Y86NSLYU;
				GENERATE_INFOPLIST_FILE = YES;
				INFOPLIST_KEY_UIApplicationSupportsIndirectInputEvents = YES;
				INFOPLIST_KEY_UILaunchStoryboardName = LaunchScreen;
				INFOPLIST_KEY_UIMainStoryboardFile = Main;
				INFOPLIST_KEY_UIRequiresFullScreen = YES;
				INFOPLIST_KEY_UIStatusBarHidden = YES;
				INFOPLIST_KEY_UISupportedInterfaceOrientations = "UIInterfaceOrientationLandscapeLeft UIInterfaceOrientationLandscapeRight";
				LD_RUNPATH_SEARCH_PATHS = (
					"$(inherited)",
					"@executable_path/Frameworks",
				);
				MARKETING_VERSION = 1.0;
				PRODUCT_BUNDLE_IDENTIFIER = Mariele.ShireGame;
				PRODUCT_NAME = "$(TARGET_NAME)";
				SWIFT_EMIT_LOC_STRINGS = YES;
				SWIFT_VERSION = 5.0;
				TARGETED_DEVICE_FAMILY = "1,2";
			};
			name = Release;
		};
/* End XCBuildConfiguration section */

/* Begin XCConfigurationList section */
		580376042914414E006D33C8 /* Build configuration list for PBXProject "ShireGame" */ = {
			isa = XCConfigurationList;
			buildConfigurations = (
				5803761E2914414F006D33C8 /* Debug */,
				5803761F2914414F006D33C8 /* Release */,
			);
			defaultConfigurationIsVisible = 0;
			defaultConfigurationName = Release;
		};
		580376202914414F006D33C8 /* Build configuration list for PBXNativeTarget "ShireGame" */ = {
			isa = XCConfigurationList;
			buildConfigurations = (
				580376212914414F006D33C8 /* Debug */,
				580376222914414F006D33C8 /* Release */,
			);
			defaultConfigurationIsVisible = 0;
			defaultConfigurationName = Release;
		};
/* End XCConfigurationList section */
	};
	rootObject = 580376012914414E006D33C8 /* Project object */;
}
